
Microsoft Visual Studio Solution File, Format Version 12.00
# Visual Studio Version 17
VisualStudioVersion = 17.2.32630.192
MinimumVisualStudioVersion = 10.0.40219.1
Project("{FAE04EC0-301F-11D3-BF4B-00C04F79EFBC}") = "Microservicio Viaje", "Microservicio Viaje\Microservicio Viaje.csproj", "{FAA392F9-B161-49B3-8D0C-55B7A09D2A97}"
EndProject
Project("{FAE04EC0-301F-11D3-BF4B-00C04F79EFBC}") = "Domain", "Domain\Domain.csproj", "{602686A9-DE7E-40F8-805E-16D20BD6F26A}"
EndProject
Project("{FAE04EC0-301F-11D3-BF4B-00C04F79EFBC}") = "Infraestructure", "Infraestructure\Infraestructure.csproj", "{E067D926-C496-4DF3-A67F-2BE92A23C1AF}"
EndProject
Project("{FAE04EC0-301F-11D3-BF4B-00C04F79EFBC}") = "Application", "Application\Application.csproj", "{86C730E5-C20E-4FDC-9FC6-136B6A3DD305}"
EndProject
Global
	GlobalSection(SolutionConfigurationPlatforms) = preSolution
		Debug|Any CPU = Debug|Any CPU
		Release|Any CPU = Release|Any CPU
	EndGlobalSection
	GlobalSection(ProjectConfigurationPlatforms) = postSolution
		{FAA392F9-B161-49B3-8D0C-55B7A09D2A97}.Debug|Any CPU.ActiveCfg = Debug|Any CPU
		{FAA392F9-B161-49B3-8D0C-55B7A09D2A97}.Debug|Any CPU.Build.0 = Debug|Any CPU
		{FAA392F9-B161-49B3-8D0C-55B7A09D2A97}.Release|Any CPU.ActiveCfg = Release|Any CPU
		{FAA392F9-B161-49B3-8D0C-55B7A09D2A97}.Release|Any CPU.Build.0 = Release|Any CPU
		{602686A9-DE7E-40F8-805E-16D20BD6F26A}.Debug|Any CPU.ActiveCfg = Debug|Any CPU
		{602686A9-DE7E-40F8-805E-16D20BD6F26A}.Debug|Any CPU.Build.0 = Debug|Any CPU
		{602686A9-DE7E-40F8-805E-16D20BD6F26A}.Release|Any CPU.ActiveCfg = Release|Any CPU
		{602686A9-DE7E-40F8-805E-16D20BD6F26A}.Release|Any CPU.Build.0 = Release|Any CPU
		{E067D926-C496-4DF3-A67F-2BE92A23C1AF}.Debug|Any CPU.ActiveCfg = Debug|Any CPU
		{E067D926-C496-4DF3-A67F-2BE92A23C1AF}.Debug|Any CPU.Build.0 = Debug|Any CPU
		{E067D926-C496-4DF3-A67F-2BE92A23C1AF}.Release|Any CPU.ActiveCfg = Release|Any CPU
		{E067D926-C496-4DF3-A67F-2BE92A23C1AF}.Release|Any CPU.Build.0 = Release|Any CPU
		{86C730E5-C20E-4FDC-9FC6-136B6A3DD305}.Debug|Any CPU.ActiveCfg = Debug|Any CPU
		{86C730E5-C20E-4FDC-9FC6-136B6A3DD305}.Debug|Any CPU.Build.0 = Debug|Any CPU
		{86C730E5-C20E-4FDC-9FC6-136B6A3DD305}.Release|Any CPU.ActiveCfg = Release|Any CPU
		{86C730E5-C20E-4FDC-9FC6-136B6A3DD305}.Release|Any CPU.Build.0 = Release|Any CPU
	EndGlobalSection
	GlobalSection(SolutionProperties) = preSolution
		HideSolutionNode = FALSE
	EndGlobalSection
	GlobalSection(ExtensibilityGlobals) = postSolution
		SolutionGuid = {30E26714-2BCB-456F-A3CF-241BFBB7B3FE}
	EndGlobalSection
EndGlobal
